// !$*UTF8*$!
{
	archiveVersion = 1;
	classes = {
	};
	objectVersion = 52;
	objects = {

/* Begin PBXBuildFile section */
		9B2C3A572696D8E100F19C40 /* AppStepper.swift in Sources */ = {isa = PBXBuildFile; fileRef = 9B2C3A562696D8E100F19C40 /* AppStepper.swift */; };
		9B2C3A592696D8FE00F19C40 /* AppFlow.swift in Sources */ = {isa = PBXBuildFile; fileRef = 9B2C3A582696D8FE00F19C40 /* AppFlow.swift */; };
		9B2C3A5E2696E64A00F19C40 /* Restaurant.swift in Sources */ = {isa = PBXBuildFile; fileRef = 9B2C3A5D2696E64A00F19C40 /* Restaurant.swift */; };
		9B2C3A602696E6BE00F19C40 /* RestaurantListView.swift in Sources */ = {isa = PBXBuildFile; fileRef = 9B2C3A5F2696E6BE00F19C40 /* RestaurantListView.swift */; };
		9B2C3A622696E87500F19C40 /* RestaurantDetailView.swift in Sources */ = {isa = PBXBuildFile; fileRef = 9B2C3A612696E87500F19C40 /* RestaurantDetailView.swift */; };
		9B2C3A642696E9A500F19C40 /* DetailViewController.swift in Sources */ = {isa = PBXBuildFile; fileRef = 9B2C3A632696E9A500F19C40 /* DetailViewController.swift */; };
		9B8CF6522697CE1C00493892 /* RxFlowViewController.swift in Sources */ = {isa = PBXBuildFile; fileRef = 9B8CF6512697CE1C00493892 /* RxFlowViewController.swift */; };
		9BCA80D62696CF950033E5CE /* AppDelegate.swift in Sources */ = {isa = PBXBuildFile; fileRef = 9BCA80D52696CF950033E5CE /* AppDelegate.swift */; };
		9BCA80D82696CF950033E5CE /* SceneDelegate.swift in Sources */ = {isa = PBXBuildFile; fileRef = 9BCA80D72696CF950033E5CE /* SceneDelegate.swift */; };
		9BCA80DA2696CF950033E5CE /* ListViewController.swift in Sources */ = {isa = PBXBuildFile; fileRef = 9BCA80D92696CF950033E5CE /* ListViewController.swift */; };
		9BCA80DF2696CF950033E5CE /* Assets.xcassets in Resources */ = {isa = PBXBuildFile; fileRef = 9BCA80DE2696CF950033E5CE /* Assets.xcassets */; };
		9BCA80E22696CF950033E5CE /* LaunchScreen.storyboard in Resources */ = {isa = PBXBuildFile; fileRef = 9BCA80E02696CF950033E5CE /* LaunchScreen.storyboard */; };
		9BCA80EA2696CFCB0033E5CE /* Reference.txt in Resources */ = {isa = PBXBuildFile; fileRef = 9BCA80E92696CFCB0033E5CE /* Reference.txt */; };
		9BCA80F12696D3540033E5CE /* AppStep.swift in Sources */ = {isa = PBXBuildFile; fileRef = 9BCA80F02696D3540033E5CE /* AppStep.swift */; };
		9BCA80F42696D3A70033E5CE /* RxFlow in Frameworks */ = {isa = PBXBuildFile; productRef = 9BCA80F32696D3A70033E5CE /* RxFlow */; };
/* End PBXBuildFile section */

/* Begin PBXFileReference section */
		9B2C3A562696D8E100F19C40 /* AppStepper.swift */ = {isa = PBXFileReference; lastKnownFileType = sourcecode.swift; path = AppStepper.swift; sourceTree = "<group>"; };
		9B2C3A582696D8FE00F19C40 /* AppFlow.swift */ = {isa = PBXFileReference; lastKnownFileType = sourcecode.swift; path = AppFlow.swift; sourceTree = "<group>"; };
		9B2C3A5D2696E64A00F19C40 /* Restaurant.swift */ = {isa = PBXFileReference; lastKnownFileType = sourcecode.swift; path = Restaurant.swift; sourceTree = "<group>"; };
		9B2C3A5F2696E6BE00F19C40 /* RestaurantListView.swift */ = {isa = PBXFileReference; lastKnownFileType = sourcecode.swift; path = RestaurantListView.swift; sourceTree = "<group>"; };
		9B2C3A612696E87500F19C40 /* RestaurantDetailView.swift */ = {isa = PBXFileReference; lastKnownFileType = sourcecode.swift; path = RestaurantDetailView.swift; sourceTree = "<group>"; };
		9B2C3A632696E9A500F19C40 /* DetailViewController.swift */ = {isa = PBXFileReference; lastKnownFileType = sourcecode.swift; path = DetailViewController.swift; sourceTree = "<group>"; };
		9B8CF6512697CE1C00493892 /* RxFlowViewController.swift */ = {isa = PBXFileReference; lastKnownFileType = sourcecode.swift; path = RxFlowViewController.swift; sourceTree = "<group>"; };
		9BCA80D22696CF950033E5CE /* SwiftUIRxFlowOneToOne.app */ = {isa = PBXFileReference; explicitFileType = wrapper.application; includeInIndex = 0; path = SwiftUIRxFlowOneToOne.app; sourceTree = BUILT_PRODUCTS_DIR; };
		9BCA80D52696CF950033E5CE /* AppDelegate.swift */ = {isa = PBXFileReference; lastKnownFileType = sourcecode.swift; path = AppDelegate.swift; sourceTree = "<group>"; };
		9BCA80D72696CF950033E5CE /* SceneDelegate.swift */ = {isa = PBXFileReference; lastKnownFileType = sourcecode.swift; path = SceneDelegate.swift; sourceTree = "<group>"; };
		9BCA80D92696CF950033E5CE /* ListViewController.swift */ = {isa = PBXFileReference; lastKnownFileType = sourcecode.swift; path = ListViewController.swift; sourceTree = "<group>"; };
		9BCA80DE2696CF950033E5CE /* Assets.xcassets */ = {isa = PBXFileReference; lastKnownFileType = folder.assetcatalog; path = Assets.xcassets; sourceTree = "<group>"; };
		9BCA80E12696CF950033E5CE /* Base */ = {isa = PBXFileReference; lastKnownFileType = file.storyboard; name = Base; path = Base.lproj/LaunchScreen.storyboard; sourceTree = "<group>"; };
		9BCA80E32696CF950033E5CE /* Info.plist */ = {isa = PBXFileReference; lastKnownFileType = text.plist.xml; path = Info.plist; sourceTree = "<group>"; };
		9BCA80E92696CFCB0033E5CE /* Reference.txt */ = {isa = PBXFileReference; lastKnownFileType = text; path = Reference.txt; sourceTree = "<group>"; };
		9BCA80F02696D3540033E5CE /* AppStep.swift */ = {isa = PBXFileReference; lastKnownFileType = sourcecode.swift; path = AppStep.swift; sourceTree = "<group>"; };
/* End PBXFileReference section */

/* Begin PBXFrameworksBuildPhase section */
		9BCA80CF2696CF950033E5CE /* Frameworks */ = {
			isa = PBXFrameworksBuildPhase;
			buildActionMask = 2147483647;
			files = (
				9BCA80F42696D3A70033E5CE /* RxFlow in Frameworks */,
			);
			runOnlyForDeploymentPostprocessing = 0;
		};
/* End PBXFrameworksBuildPhase section */

/* Begin PBXGroup section */
		9B2C3A5A2696DB3700F19C40 /* SwiftUI */ = {
			isa = PBXGroup;
			children = (
				9B2C3A5F2696E6BE00F19C40 /* RestaurantListView.swift */,
				9B2C3A612696E87500F19C40 /* RestaurantDetailView.swift */,
			);
			path = SwiftUI;
			sourceTree = "<group>";
		};
		9B8CF6532697ED1100493892 /* Model */ = {
			isa = PBXGroup;
			children = (
				9B2C3A5D2696E64A00F19C40 /* Restaurant.swift */,
			);
			path = Model;
			sourceTree = "<group>";
		};
		9BCA80C92696CF950033E5CE = {
			isa = PBXGroup;
			children = (
				9BCA80D42696CF950033E5CE /* SwiftUIRxFlowOneToOne */,
				9BCA80D32696CF950033E5CE /* Products */,
			);
			sourceTree = "<group>";
		};
		9BCA80D32696CF950033E5CE /* Products */ = {
			isa = PBXGroup;
			children = (
				9BCA80D22696CF950033E5CE /* SwiftUIRxFlowOneToOne.app */,
			);
			name = Products;
			sourceTree = "<group>";
		};
		9BCA80D42696CF950033E5CE /* SwiftUIRxFlowOneToOne */ = {
			isa = PBXGroup;
			children = (
				9B8CF6532697ED1100493892 /* Model */,
				9B2C3A5A2696DB3700F19C40 /* SwiftUI */,
				9BCA80EF2696D30D0033E5CE /* ViewController */,
				9BCA80EE2696D2E80033E5CE /* Flow */,
				9BCA80D52696CF950033E5CE /* AppDelegate.swift */,
				9BCA80D72696CF950033E5CE /* SceneDelegate.swift */,
				9BCA80DE2696CF950033E5CE /* Assets.xcassets */,
				9BCA80E02696CF950033E5CE /* LaunchScreen.storyboard */,
				9BCA80E32696CF950033E5CE /* Info.plist */,
				9BCA80E92696CFCB0033E5CE /* Reference.txt */,
			);
			path = SwiftUIRxFlowOneToOne;
			sourceTree = "<group>";
		};
		9BCA80EE2696D2E80033E5CE /* Flow */ = {
			isa = PBXGroup;
			children = (
				9BCA80F02696D3540033E5CE /* AppStep.swift */,
				9B2C3A562696D8E100F19C40 /* AppStepper.swift */,
				9B2C3A582696D8FE00F19C40 /* AppFlow.swift */,
			);
			path = Flow;
			sourceTree = "<group>";
		};
		9BCA80EF2696D30D0033E5CE /* ViewController */ = {
			isa = PBXGroup;
			children = (
				9B8CF6512697CE1C00493892 /* RxFlowViewController.swift */,
				9BCA80D92696CF950033E5CE /* ListViewController.swift */,
				9B2C3A632696E9A500F19C40 /* DetailViewController.swift */,
			);
			path = ViewController;
			sourceTree = "<group>";
		};
/* End PBXGroup section */

/* Begin PBXNativeTarget section */
		9BCA80D12696CF950033E5CE /* SwiftUIRxFlowOneToOne */ = {
			isa = PBXNativeTarget;
			buildConfigurationList = 9BCA80E62696CF950033E5CE /* Build configuration list for PBXNativeTarget "SwiftUIRxFlowOneToOne" */;
			buildPhases = (
				9BCA80CE2696CF950033E5CE /* Sources */,
				9BCA80CF2696CF950033E5CE /* Frameworks */,
				9BCA80D02696CF950033E5CE /* Resources */,
			);
			buildRules = (
			);
			dependencies = (
			);
			name = SwiftUIRxFlowOneToOne;
			packageProductDependencies = (
				9BCA80F32696D3A70033E5CE /* RxFlow */,
			);
			productName = SwiftUIRxFlowOneToOne;
			productReference = 9BCA80D22696CF950033E5CE /* SwiftUIRxFlowOneToOne.app */;
			productType = "com.apple.product-type.application";
		};
/* End PBXNativeTarget section */

/* Begin PBXProject section */
		9BCA80CA2696CF950033E5CE /* Project object */ = {
			isa = PBXProject;
			attributes = {
				LastSwiftUpdateCheck = 1250;
				LastUpgradeCheck = 1250;
				TargetAttributes = {
					9BCA80D12696CF950033E5CE = {
						CreatedOnToolsVersion = 12.5.1;
					};
				};
			};
			buildConfigurationList = 9BCA80CD2696CF950033E5CE /* Build configuration list for PBXProject "SwiftUIRxFlowOneToOne" */;
			compatibilityVersion = "Xcode 9.3";
			developmentRegion = en;
			hasScannedForEncodings = 0;
			knownRegions = (
				en,
				Base,
			);
			mainGroup = 9BCA80C92696CF950033E5CE;
			packageReferences = (
				9BCA80F22696D3A70033E5CE /* XCRemoteSwiftPackageReference "RxFlow" */,
			);
			productRefGroup = 9BCA80D32696CF950033E5CE /* Products */;
			projectDirPath = "";
			projectRoot = "";
			targets = (
				9BCA80D12696CF950033E5CE /* SwiftUIRxFlowOneToOne */,
			);
		};
/* End PBXProject section */

/* Begin PBXResourcesBuildPhase section */
		9BCA80D02696CF950033E5CE /* Resources */ = {
			isa = PBXResourcesBuildPhase;
			buildActionMask = 2147483647;
			files = (
				9BCA80E22696CF950033E5CE /* LaunchScreen.storyboard in Resources */,
				9BCA80DF2696CF950033E5CE /* Assets.xcassets in Resources */,
				9BCA80EA2696CFCB0033E5CE /* Reference.txt in Resources */,
			);
			runOnlyForDeploymentPostprocessing = 0;
		};
/* End PBXResourcesBuildPhase section */

/* Begin PBXSourcesBuildPhase section */
		9BCA80CE2696CF950033E5CE /* Sources */ = {
			isa = PBXSourcesBuildPhase;
			buildActionMask = 2147483647;
			files = (
				9B2C3A642696E9A500F19C40 /* DetailViewController.swift in Sources */,
				9BCA80DA2696CF950033E5CE /* ListViewController.swift in Sources */,
				9B2C3A592696D8FE00F19C40 /* AppFlow.swift in Sources */,
				9BCA80F12696D3540033E5CE /* AppStep.swift in Sources */,
				9B2C3A5E2696E64A00F19C40 /* Restaurant.swift in Sources */,
				9B2C3A572696D8E100F19C40 /* AppStepper.swift in Sources */,
				9B2C3A622696E87500F19C40 /* RestaurantDetailView.swift in Sources */,
				9B8CF6522697CE1C00493892 /* RxFlowViewController.swift in Sources */,
				9B2C3A602696E6BE00F19C40 /* RestaurantListView.swift in Sources */,
				9BCA80D62696CF950033E5CE /* AppDelegate.swift in Sources */,
				9BCA80D82696CF950033E5CE /* SceneDelegate.swift in Sources */,
			);
			runOnlyForDeploymentPostprocessing = 0;
		};
/* End PBXSourcesBuildPhase section */

/* Begin PBXVariantGroup section */
		9BCA80E02696CF950033E5CE /* LaunchScreen.storyboard */ = {
			isa = PBXVariantGroup;
			children = (
				9BCA80E12696CF950033E5CE /* Base */,
			);
			name = LaunchScreen.storyboard;
			sourceTree = "<group>";
		};
/* End PBXVariantGroup section */

/* Begin XCBuildConfiguration section */
		9BCA80E42696CF950033E5CE /* Debug */ = {
			isa = XCBuildConfiguration;
			buildSettings = {
				ALWAYS_SEARCH_USER_PATHS = NO;
				CLANG_ANALYZER_NONNULL = YES;
				CLANG_ANALYZER_NUMBER_OBJECT_CONVERSION = YES_AGGRESSIVE;
				CLANG_CXX_LANGUAGE_STANDARD = "gnu++14";
				CLANG_CXX_LIBRARY = "libc++";
				CLANG_ENABLE_MODULES = YES;
				CLANG_ENABLE_OBJC_ARC = YES;
				CLANG_ENABLE_OBJC_WEAK = YES;
				CLANG_WARN_BLOCK_CAPTURE_AUTORELEASING = YES;
				CLANG_WARN_BOOL_CONVERSION = YES;
				CLANG_WARN_COMMA = YES;
				CLANG_WARN_CONSTANT_CONVERSION = YES;
				CLANG_WARN_DEPRECATED_OBJC_IMPLEMENTATIONS = YES;
				CLANG_WARN_DIRECT_OBJC_ISA_USAGE = YES_ERROR;
				CLANG_WARN_DOCUMENTATION_COMMENTS = YES;
				CLANG_WARN_EMPTY_BODY = YES;
				CLANG_WARN_ENUM_CONVERSION = YES;
				CLANG_WARN_INFINITE_RECURSION = YES;
				CLANG_WARN_INT_CONVERSION = YES;
				CLANG_WARN_NON_LITERAL_NULL_CONVERSION = YES;
				CLANG_WARN_OBJC_IMPLICIT_RETAIN_SELF = YES;
				CLANG_WARN_OBJC_LITERAL_CONVERSION = YES;
				CLANG_WARN_OBJC_ROOT_CLASS = YES_ERROR;
				CLANG_WARN_QUOTED_INCLUDE_IN_FRAMEWORK_HEADER = YES;
				CLANG_WARN_RANGE_LOOP_ANALYSIS = YES;
				CLANG_WARN_STRICT_PROTOTYPES = YES;
				CLANG_WARN_SUSPICIOUS_MOVE = YES;
				CLANG_WARN_UNGUARDED_AVAILABILITY = YES_AGGRESSIVE;
				CLANG_WARN_UNREACHABLE_CODE = YES;
				CLANG_WARN__DUPLICATE_METHOD_MATCH = YES;
				COPY_PHASE_STRIP = NO;
				DEBUG_INFORMATION_FORMAT = dwarf;
				ENABLE_STRICT_OBJC_MSGSEND = YES;
				ENABLE_TESTABILITY = YES;
				GCC_C_LANGUAGE_STANDARD = gnu11;
				GCC_DYNAMIC_NO_PIC = NO;
				GCC_NO_COMMON_BLOCKS = YES;
				GCC_OPTIMIZATION_LEVEL = 0;
				GCC_PREPROCESSOR_DEFINITIONS = (
					"DEBUG=1",
					"$(inherited)",
				);
				GCC_WARN_64_TO_32_BIT_CONVERSION = YES;
				GCC_WARN_ABOUT_RETURN_TYPE = YES_ERROR;
				GCC_WARN_UNDECLARED_SELECTOR = YES;
				GCC_WARN_UNINITIALIZED_AUTOS = YES_AGGRESSIVE;
				GCC_WARN_UNUSED_FUNCTION = YES;
				GCC_WARN_UNUSED_VARIABLE = YES;
				IPHONEOS_DEPLOYMENT_TARGET = 14.5;
				MTL_ENABLE_DEBUG_INFO = INCLUDE_SOURCE;
				MTL_FAST_MATH = YES;
				ONLY_ACTIVE_ARCH = YES;
				SDKROOT = iphoneos;
				SWIFT_ACTIVE_COMPILATION_CONDITIONS = DEBUG;
				SWIFT_OPTIMIZATION_LEVEL = "-Onone";
			};
			name = Debug;
		};
		9BCA80E52696CF950033E5CE /* Release */ = {
			isa = XCBuildConfiguration;
			buildSettings = {
				ALWAYS_SEARCH_USER_PATHS = NO;
				CLANG_ANALYZER_NONNULL = YES;
				CLANG_ANALYZER_NUMBER_OBJECT_CONVERSION = YES_AGGRESSIVE;
				CLANG_CXX_LANGUAGE_STANDARD = "gnu++14";
				CLANG_CXX_LIBRARY = "libc++";
				CLANG_ENABLE_MODULES = YES;
				CLANG_ENABLE_OBJC_ARC = YES;
				CLANG_ENABLE_OBJC_WEAK = YES;
				CLANG_WARN_BLOCK_CAPTURE_AUTORELEASING = YES;
				CLANG_WARN_BOOL_CONVERSION = YES;
				CLANG_WARN_COMMA = YES;
				CLANG_WARN_CONSTANT_CONVERSION = YES;
				CLANG_WARN_DEPRECATED_OBJC_IMPLEMENTATIONS = YES;
				CLANG_WARN_DIRECT_OBJC_ISA_USAGE = YES_ERROR;
				CLANG_WARN_DOCUMENTATION_COMMENTS = YES;
				CLANG_WARN_EMPTY_BODY = YES;
				CLANG_WARN_ENUM_CONVERSION = YES;
				CLANG_WARN_INFINITE_RECURSION = YES;
				CLANG_WARN_INT_CONVERSION = YES;
				CLANG_WARN_NON_LITERAL_NULL_CONVERSION = YES;
				CLANG_WARN_OBJC_IMPLICIT_RETAIN_SELF = YES;
				CLANG_WARN_OBJC_LITERAL_CONVERSION = YES;
				CLANG_WARN_OBJC_ROOT_CLASS = YES_ERROR;
				CLANG_WARN_QUOTED_INCLUDE_IN_FRAMEWORK_HEADER = YES;
				CLANG_WARN_RANGE_LOOP_ANALYSIS = YES;
				CLANG_WARN_STRICT_PROTOTYPES = YES;
				CLANG_WARN_SUSPICIOUS_MOVE = YES;
				CLANG_WARN_UNGUARDED_AVAILABILITY = YES_AGGRESSIVE;
				CLANG_WARN_UNREACHABLE_CODE = YES;
				CLANG_WARN__DUPLICATE_METHOD_MATCH = YES;
				COPY_PHASE_STRIP = NO;
				DEBUG_INFORMATION_FORMAT = "dwarf-with-dsym";
				ENABLE_NS_ASSERTIONS = NO;
				ENABLE_STRICT_OBJC_MSGSEND = YES;
				GCC_C_LANGUAGE_STANDARD = gnu11;
				GCC_NO_COMMON_BLOCKS = YES;
				GCC_WARN_64_TO_32_BIT_CONVERSION = YES;
				GCC_WARN_ABOUT_RETURN_TYPE = YES_ERROR;
				GCC_WARN_UNDECLARED_SELECTOR = YES;
				GCC_WARN_UNINITIALIZED_AUTOS = YES_AGGRESSIVE;
				GCC_WARN_UNUSED_FUNCTION = YES;
				GCC_WARN_UNUSED_VARIABLE = YES;
				IPHONEOS_DEPLOYMENT_TARGET = 14.5;
				MTL_ENABLE_DEBUG_INFO = NO;
				MTL_FAST_MATH = YES;
				SDKROOT = iphoneos;
				SWIFT_COMPILATION_MODE = wholemodule;
				SWIFT_OPTIMIZATION_LEVEL = "-O";
				VALIDATE_PRODUCT = YES;
			};
			name = Release;
		};
		9BCA80E72696CF950033E5CE /* Debug */ = {
			isa = XCBuildConfiguration;
			buildSettings = {
				ASSETCATALOG_COMPILER_APPICON_NAME = AppIcon;
				ASSETCATALOG_COMPILER_GLOBAL_ACCENT_COLOR_NAME = AccentColor;
				CODE_SIGN_STYLE = Automatic;
				INFOPLIST_FILE = SwiftUIRxFlowOneToOne/Info.plist;
				LD_RUNPATH_SEARCH_PATHS = (
					"$(inherited)",
					"@executable_path/Frameworks",
				);
				PRODUCT_BUNDLE_IDENTIFIER = com.triplesoft.SwiftUIRxFlowOneToOne;
				PRODUCT_NAME = "$(TARGET_NAME)";
				SWIFT_VERSION = 5.0;
				TARGETED_DEVICE_FAMILY = "1,2";
			};
			name = Debug;
		};
		9BCA80E82696CF950033E5CE /* Release */ = {
			isa = XCBuildConfiguration;
			buildSettings = {
				ASSETCATALOG_COMPILER_APPICON_NAME = AppIcon;
				ASSETCATALOG_COMPILER_GLOBAL_ACCENT_COLOR_NAME = AccentColor;
				CODE_SIGN_STYLE = Automatic;
				INFOPLIST_FILE = SwiftUIRxFlowOneToOne/Info.plist;
				LD_RUNPATH_SEARCH_PATHS = (
					"$(inherited)",
					"@executable_path/Frameworks",
				);
				PRODUCT_BUNDLE_IDENTIFIER = com.triplesoft.SwiftUIRxFlowOneToOne;
				PRODUCT_NAME = "$(TARGET_NAME)";
				SWIFT_VERSION = 5.0;
				TARGETED_DEVICE_FAMILY = "1,2";
			};
			name = Release;
		};
/* End XCBuildConfiguration section */

/* Begin XCConfigurationList section */
		9BCA80CD2696CF950033E5CE /* Build configuration list for PBXProject "SwiftUIRxFlowOneToOne" */ = {
			isa = XCConfigurationList;
			buildConfigurations = (
				9BCA80E42696CF950033E5CE /* Debug */,
				9BCA80E52696CF950033E5CE /* Release */,
			);
			defaultConfigurationIsVisible = 0;
			defaultConfigurationName = Release;
		};
		9BCA80E62696CF950033E5CE /* Build configuration list for PBXNativeTarget "SwiftUIRxFlowOneToOne" */ = {
			isa = XCConfigurationList;
			buildConfigurations = (
				9BCA80E72696CF950033E5CE /* Debug */,
				9BCA80E82696CF950033E5CE /* Release */,
			);
			defaultConfigurationIsVisible = 0;
			defaultConfigurationName = Release;
		};
/* End XCConfigurationList section */

/* Begin XCRemoteSwiftPackageReference section */
		9BCA80F22696D3A70033E5CE /* XCRemoteSwiftPackageReference "RxFlow" */ = {
			isa = XCRemoteSwiftPackageReference;
			repositoryURL = "https://github.com/RxSwiftCommunity/RxFlow.git";
			requirement = {
				kind = upToNextMajorVersion;
				minimumVersion = 2.12.2;
			};
		};
/* End XCRemoteSwiftPackageReference section */

/* Begin XCSwiftPackageProductDependency section */
		9BCA80F32696D3A70033E5CE /* RxFlow */ = {
			isa = XCSwiftPackageProductDependency;
			package = 9BCA80F22696D3A70033E5CE /* XCRemoteSwiftPackageReference "RxFlow" */;
			productName = RxFlow;
		};
/* End XCSwiftPackageProductDependency section */
	};
	rootObject = 9BCA80CA2696CF950033E5CE /* Project object */;
}
